
Microsoft Visual Studio Solution File, Format Version 12.00
# Visual Studio 15
VisualStudioVersion = 15.0.26730.10
MinimumVisualStudioVersion = 10.0.40219.1
Project("{FAE04EC0-301F-11D3-BF4B-00C04F79EFBC}") = "Benchmarks", "Benchmarks\Benchmarks.csproj", "{DA9915F0-7F27-4E73-8AC0-422363E80A5A}"
EndProject
Project("{2150E333-8FDC-42A3-9474-1A3956D46DE8}") = "AppProjects", "AppProjects", "{66E622E8-3B7E-48C7-B129-C754D1495B8A}"
EndProject
Project("{FAE04EC0-301F-11D3-BF4B-00C04F79EFBC}") = "ExpressMapper.Android", "ExpressMapper.Android\ExpressMapper.Android.csproj", "{67AC1BD7-B443-4061-8B0C-F65587CF7872}"
EndProject
Project("{FAE04EC0-301F-11D3-BF4B-00C04F79EFBC}") = "ExpressMapper.UWP", "ExpressMapper.UWP\ExpressMapper.UWP.csproj", "{D7313F42-5791-43CB-BC8A-BA5E35096143}"
EndProject
Project("{2150E333-8FDC-42A3-9474-1A3956D46DE8}") = "Tests", "Tests", "{8D784960-F8C5-486E-AECD-DF818286C4AB}"
EndProject
Project("{9A19103F-16F7-4668-BE54-9A1E7A4F7556}") = "ExpressMapper", "ExpressMapper\ExpressMapper.csproj", "{6F269B19-BB50-4E3A-A895-9D99C1917F60}"
EndProject
Global
	GlobalSection(SolutionConfigurationPlatforms) = preSolution
		Debug|Any CPU = Debug|Any CPU
		Debug|ARM = Debug|ARM
		Debug|x64 = Debug|x64
		Debug|x86 = Debug|x86
		Release|Any CPU = Release|Any CPU
		Release|ARM = Release|ARM
		Release|x64 = Release|x64
		Release|x86 = Release|x86
	EndGlobalSection
	GlobalSection(ProjectConfigurationPlatforms) = postSolution
		{DA9915F0-7F27-4E73-8AC0-422363E80A5A}.Debug|Any CPU.ActiveCfg = Debug|Any CPU
		{DA9915F0-7F27-4E73-8AC0-422363E80A5A}.Debug|Any CPU.Build.0 = Debug|Any CPU
		{DA9915F0-7F27-4E73-8AC0-422363E80A5A}.Debug|ARM.ActiveCfg = Debug|Any CPU
		{DA9915F0-7F27-4E73-8AC0-422363E80A5A}.Debug|ARM.Build.0 = Debug|Any CPU
		{DA9915F0-7F27-4E73-8AC0-422363E80A5A}.Debug|x64.ActiveCfg = Debug|Any CPU
		{DA9915F0-7F27-4E73-8AC0-422363E80A5A}.Debug|x64.Build.0 = Debug|Any CPU
		{DA9915F0-7F27-4E73-8AC0-422363E80A5A}.Debug|x86.ActiveCfg = Debug|Any CPU
		{DA9915F0-7F27-4E73-8AC0-422363E80A5A}.Debug|x86.Build.0 = Debug|Any CPU
		{DA9915F0-7F27-4E73-8AC0-422363E80A5A}.Release|Any CPU.ActiveCfg = Release|Any CPU
		{DA9915F0-7F27-4E73-8AC0-422363E80A5A}.Release|Any CPU.Build.0 = Release|Any CPU
		{DA9915F0-7F27-4E73-8AC0-422363E80A5A}.Release|ARM.ActiveCfg = Release|Any CPU
		{DA9915F0-7F27-4E73-8AC0-422363E80A5A}.Release|ARM.Build.0 = Release|Any CPU
		{DA9915F0-7F27-4E73-8AC0-422363E80A5A}.Release|x64.ActiveCfg = Release|Any CPU
		{DA9915F0-7F27-4E73-8AC0-422363E80A5A}.Release|x64.Build.0 = Release|Any CPU
		{DA9915F0-7F27-4E73-8AC0-422363E80A5A}.Release|x86.ActiveCfg = Release|Any CPU
		{DA9915F0-7F27-4E73-8AC0-422363E80A5A}.Release|x86.Build.0 = Release|Any CPU
		{67AC1BD7-B443-4061-8B0C-F65587CF7872}.Debug|Any CPU.ActiveCfg = Debug|Any CPU
		{67AC1BD7-B443-4061-8B0C-F65587CF7872}.Debug|Any CPU.Build.0 = Debug|Any CPU
		{67AC1BD7-B443-4061-8B0C-F65587CF7872}.Debug|Any CPU.Deploy.0 = Debug|Any CPU
		{67AC1BD7-B443-4061-8B0C-F65587CF7872}.Debug|ARM.ActiveCfg = Debug|Any CPU
		{67AC1BD7-B443-4061-8B0C-F65587CF7872}.Debug|ARM.Build.0 = Debug|Any CPU
		{67AC1BD7-B443-4061-8B0C-F65587CF7872}.Debug|ARM.Deploy.0 = Debug|Any CPU
		{67AC1BD7-B443-4061-8B0C-F65587CF7872}.Debug|x64.ActiveCfg = Debug|Any CPU
		{67AC1BD7-B443-4061-8B0C-F65587CF7872}.Debug|x64.Build.0 = Debug|Any CPU
		{67AC1BD7-B443-4061-8B0C-F65587CF7872}.Debug|x64.Deploy.0 = Debug|Any CPU
		{67AC1BD7-B443-4061-8B0C-F65587CF7872}.Debug|x86.ActiveCfg = Debug|Any CPU
		{67AC1BD7-B443-4061-8B0C-F65587CF7872}.Debug|x86.Build.0 = Debug|Any CPU
		{67AC1BD7-B443-4061-8B0C-F65587CF7872}.Debug|x86.Deploy.0 = Debug|Any CPU
		{67AC1BD7-B443-4061-8B0C-F65587CF7872}.Release|Any CPU.ActiveCfg = Release|Any CPU
		{67AC1BD7-B443-4061-8B0C-F65587CF7872}.Release|Any CPU.Build.0 = Release|Any CPU
		{67AC1BD7-B443-4061-8B0C-F65587CF7872}.Release|Any CPU.Deploy.0 = Release|Any CPU
		{67AC1BD7-B443-4061-8B0C-F65587CF7872}.Release|ARM.ActiveCfg = Release|Any CPU
		{67AC1BD7-B443-4061-8B0C-F65587CF7872}.Release|ARM.Build.0 = Release|Any CPU
		{67AC1BD7-B443-4061-8B0C-F65587CF7872}.Release|ARM.Deploy.0 = Release|Any CPU
		{67AC1BD7-B443-4061-8B0C-F65587CF7872}.Release|x64.ActiveCfg = Release|Any CPU
		{67AC1BD7-B443-4061-8B0C-F65587CF7872}.Release|x64.Build.0 = Release|Any CPU
		{67AC1BD7-B443-4061-8B0C-F65587CF7872}.Release|x64.Deploy.0 = Release|Any CPU
		{67AC1BD7-B443-4061-8B0C-F65587CF7872}.Release|x86.ActiveCfg = Release|Any CPU
		{67AC1BD7-B443-4061-8B0C-F65587CF7872}.Release|x86.Build.0 = Release|Any CPU
		{67AC1BD7-B443-4061-8B0C-F65587CF7872}.Release|x86.Deploy.0 = Release|Any CPU
		{D7313F42-5791-43CB-BC8A-BA5E35096143}.Debug|Any CPU.ActiveCfg = Debug|x86
		{D7313F42-5791-43CB-BC8A-BA5E35096143}.Debug|ARM.ActiveCfg = Debug|ARM
		{D7313F42-5791-43CB-BC8A-BA5E35096143}.Debug|ARM.Build.0 = Debug|ARM
		{D7313F42-5791-43CB-BC8A-BA5E35096143}.Debug|ARM.Deploy.0 = Debug|ARM
		{D7313F42-5791-43CB-BC8A-BA5E35096143}.Debug|x64.ActiveCfg = Debug|x64
		{D7313F42-5791-43CB-BC8A-BA5E35096143}.Debug|x64.Build.0 = Debug|x64
		{D7313F42-5791-43CB-BC8A-BA5E35096143}.Debug|x64.Deploy.0 = Debug|x64
		{D7313F42-5791-43CB-BC8A-BA5E35096143}.Debug|x86.ActiveCfg = Debug|x86
		{D7313F42-5791-43CB-BC8A-BA5E35096143}.Debug|x86.Build.0 = Debug|x86
		{D7313F42-5791-43CB-BC8A-BA5E35096143}.Debug|x86.Deploy.0 = Debug|x86
		{D7313F42-5791-43CB-BC8A-BA5E35096143}.Release|Any CPU.ActiveCfg = Release|x86
		{D7313F42-5791-43CB-BC8A-BA5E35096143}.Release|ARM.ActiveCfg = Release|ARM
		{D7313F42-5791-43CB-BC8A-BA5E35096143}.Release|ARM.Build.0 = Release|ARM
		{D7313F42-5791-43CB-BC8A-BA5E35096143}.Release|ARM.Deploy.0 = Release|ARM
		{D7313F42-5791-43CB-BC8A-BA5E35096143}.Release|x64.ActiveCfg = Release|x64
		{D7313F42-5791-43CB-BC8A-BA5E35096143}.Release|x64.Build.0 = Release|x64
		{D7313F42-5791-43CB-BC8A-BA5E35096143}.Release|x64.Deploy.0 = Release|x64
		{D7313F42-5791-43CB-BC8A-BA5E35096143}.Release|x86.ActiveCfg = Release|x86
		{D7313F42-5791-43CB-BC8A-BA5E35096143}.Release|x86.Build.0 = Release|x86
		{D7313F42-5791-43CB-BC8A-BA5E35096143}.Release|x86.Deploy.0 = Release|x86
		{6F269B19-BB50-4E3A-A895-9D99C1917F60}.Debug|Any CPU.ActiveCfg = Debug|Any CPU
		{6F269B19-BB50-4E3A-A895-9D99C1917F60}.Debug|Any CPU.Build.0 = Debug|Any CPU
		{6F269B19-BB50-4E3A-A895-9D99C1917F60}.Debug|ARM.ActiveCfg = Debug|Any CPU
		{6F269B19-BB50-4E3A-A895-9D99C1917F60}.Debug|ARM.Build.0 = Debug|Any CPU
		{6F269B19-BB50-4E3A-A895-9D99C1917F60}.Debug|x64.ActiveCfg = Debug|Any CPU
		{6F269B19-BB50-4E3A-A895-9D99C1917F60}.Debug|x64.Build.0 = Debug|Any CPU
		{6F269B19-BB50-4E3A-A895-9D99C1917F60}.Debug|x86.ActiveCfg = Debug|Any CPU
		{6F269B19-BB50-4E3A-A895-9D99C1917F60}.Debug|x86.Build.0 = Debug|Any CPU
		{6F269B19-BB50-4E3A-A895-9D99C1917F60}.Release|Any CPU.ActiveCfg = Release|Any CPU
		{6F269B19-BB50-4E3A-A895-9D99C1917F60}.Release|Any CPU.Build.0 = Release|Any CPU
		{6F269B19-BB50-4E3A-A895-9D99C1917F60}.Release|ARM.ActiveCfg = Release|Any CPU
		{6F269B19-BB50-4E3A-A895-9D99C1917F60}.Release|ARM.Build.0 = Release|Any CPU
		{6F269B19-BB50-4E3A-A895-9D99C1917F60}.Release|x64.ActiveCfg = Release|Any CPU
		{6F269B19-BB50-4E3A-A895-9D99C1917F60}.Release|x64.Build.0 = Release|Any CPU
		{6F269B19-BB50-4E3A-A895-9D99C1917F60}.Release|x86.ActiveCfg = Release|Any CPU
		{6F269B19-BB50-4E3A-A895-9D99C1917F60}.Release|x86.Build.0 = Release|Any CPU
	EndGlobalSection
	GlobalSection(SolutionProperties) = preSolution
		HideSolutionNode = FALSE
	EndGlobalSection
	GlobalSection(NestedProjects) = preSolution
		{DA9915F0-7F27-4E73-8AC0-422363E80A5A} = {8D784960-F8C5-486E-AECD-DF818286C4AB}
		{66E622E8-3B7E-48C7-B129-C754D1495B8A} = {8D784960-F8C5-486E-AECD-DF818286C4AB}
		{67AC1BD7-B443-4061-8B0C-F65587CF7872} = {66E622E8-3B7E-48C7-B129-C754D1495B8A}
		{D7313F42-5791-43CB-BC8A-BA5E35096143} = {66E622E8-3B7E-48C7-B129-C754D1495B8A}
	EndGlobalSection
	GlobalSection(ExtensibilityGlobals) = postSolution
		SolutionGuid = {A0CCD50B-EC1A-4A2B-AFB6-8762799D98F6}
	EndGlobalSection
EndGlobal
